
Microsoft Visual Studio Solution File, Format Version 12.00
# Visual Studio Version 17
VisualStudioVersion = 17.0.32014.148
MinimumVisualStudioVersion = 10.0.40219.1
Project("{FAE04EC0-301F-11D3-BF4B-00C04F79EFBC}") = "ExhaustionPlus", "Exhaustion\ExhaustionPlus.csproj", "{396748ED-5033-494A-BB3B-0A322EEDCBA1}"
EndProject
Global
	GlobalSection(SolutionConfigurationPlatforms) = preSolution
		Debug|Any CPU = Debug|Any CPU
		Release|Any CPU = Release|Any CPU
	EndGlobalSection
	GlobalSection(ProjectConfigurationPlatforms) = postSolution
		{396748ED-5033-494A-BB3B-0A322EEDCBA1}.Debug|Any CPU.ActiveCfg = Debug|Any CPU
		{396748ED-5033-494A-BB3B-0A322EEDCBA1}.Debug|Any CPU.Build.0 = Debug|Any CPU
		{396748ED-5033-494A-BB3B-0A322EEDCBA1}.Release|Any CPU.ActiveCfg = Release|Any CPU
		{396748ED-5033-494A-BB3B-0A322EEDCBA1}.Release|Any CPU.Build.0 = Release|Any CPU
	EndGlobalSection
	GlobalSection(SolutionProperties) = preSolution
		HideSolutionNode = FALSE
	EndGlobalSection
	GlobalSection(ExtensibilityGlobals) = postSolution
		SolutionGuid = {7DC914F7-393D-4283-B178-52FAE857385F}
	EndGlobalSection
EndGlobal
